// !$*UTF8*$!
{
	archiveVersion = 1;
	classes = {
	};
	objectVersion = 46;
	objects = {

/* Begin PBXBuildFile section */
		6556180E1AC8BC6600751D93 /* AppDelegate.swift in Sources */ = {isa = PBXBuildFile; fileRef = 6556180D1AC8BC6600751D93 /* AppDelegate.swift */; };
		655618101AC8BC6600751D93 /* ViewController.swift in Sources */ = {isa = PBXBuildFile; fileRef = 6556180F1AC8BC6600751D93 /* ViewController.swift */; };
		655618131AC8BC6600751D93 /* Main.storyboard in Resources */ = {isa = PBXBuildFile; fileRef = 655618111AC8BC6600751D93 /* Main.storyboard */; };
		655618151AC8BC6600751D93 /* Images.xcassets in Resources */ = {isa = PBXBuildFile; fileRef = 655618141AC8BC6600751D93 /* Images.xcassets */; };
		655618181AC8BC6600751D93 /* LaunchScreen.xib in Resources */ = {isa = PBXBuildFile; fileRef = 655618161AC8BC6600751D93 /* LaunchScreen.xib */; };
		655618241AC8BC6600751D93 /* Prime_NumberTests.swift in Sources */ = {isa = PBXBuildFile; fileRef = 655618231AC8BC6600751D93 /* Prime_NumberTests.swift */; };
/* End PBXBuildFile section */

/* Begin PBXContainerItemProxy section */
		6556181E1AC8BC6600751D93 /* PBXContainerItemProxy */ = {
			isa = PBXContainerItemProxy;
			containerPortal = 655618001AC8BC6600751D93 /* Project object */;
			proxyType = 1;
			remoteGlobalIDString = 655618071AC8BC6600751D93;
			remoteInfo = "Prime Number";
		};
/* End PBXContainerItemProxy section */

/* Begin PBXFileReference section */
		655618081AC8BC6600751D93 /* Prime Number.app */ = {isa = PBXFileReference; explicitFileType = wrapper.application; includeInIndex = 0; path = "Prime Number.app"; sourceTree = BUILT_PRODUCTS_DIR; };
		6556180C1AC8BC6600751D93 /* Info.plist */ = {isa = PBXFileReference; lastKnownFileType = text.plist.xml; path = Info.plist; sourceTree = "<group>"; };
		6556180D1AC8BC6600751D93 /* AppDelegate.swift */ = {isa = PBXFileReference; lastKnownFileType = sourcecode.swift; path = AppDelegate.swift; sourceTree = "<group>"; };
		6556180F1AC8BC6600751D93 /* ViewController.swift */ = {isa = PBXFileReference; lastKnownFileType = sourcecode.swift; path = ViewController.swift; sourceTree = "<group>"; };
		655618121AC8BC6600751D93 /* Base */ = {isa = PBXFileReference; lastKnownFileType = file.storyboard; name = Base; path = Base.lproj/Main.storyboard; sourceTree = "<group>"; };
		655618141AC8BC6600751D93 /* Images.xcassets */ = {isa = PBXFileReference; lastKnownFileType = folder.assetcatalog; path = Images.xcassets; sourceTree = "<group>"; };
		655618171AC8BC6600751D93 /* Base */ = {isa = PBXFileReference; lastKnownFileType = file.xib; name = Base; path = Base.lproj/LaunchScreen.xib; sourceTree = "<group>"; };
		6556181D1AC8BC6600751D93 /* Prime NumberTests.xctest */ = {isa = PBXFileReference; explicitFileType = wrapper.cfbundle; includeInIndex = 0; path = "Prime NumberTests.xctest"; sourceTree = BUILT_PRODUCTS_DIR; };
		655618221AC8BC6600751D93 /* Info.plist */ = {isa = PBXFileReference; lastKnownFileType = text.plist.xml; path = Info.plist; sourceTree = "<group>"; };
		655618231AC8BC6600751D93 /* Prime_NumberTests.swift */ = {isa = PBXFileReference; lastKnownFileType = sourcecode.swift; path = Prime_NumberTests.swift; sourceTree = "<group>"; };
/* End PBXFileReference section */

/* Begin PBXFrameworksBuildPhase section */
		655618051AC8BC6600751D93 /* Frameworks */ = {
			isa = PBXFrameworksBuildPhase;
			buildActionMask = 2147483647;
			files = (
			);
			runOnlyForDeploymentPostprocessing = 0;
		};
		6556181A1AC8BC6600751D93 /* Frameworks */ = {
			isa = PBXFrameworksBuildPhase;
			buildActionMask = 2147483647;
			files = (
			);
			runOnlyForDeploymentPostprocessing = 0;
		};
/* End PBXFrameworksBuildPhase section */

/* Begin PBXGroup section */
		655617FF1AC8BC6600751D93 = {
			isa = PBXGroup;
			children = (
				6556180A1AC8BC6600751D93 /* Prime Number */,
				655618201AC8BC6600751D93 /* Prime NumberTests */,
				655618091AC8BC6600751D93 /* Products */,
			);
			sourceTree = "<group>";
		};
		655618091AC8BC6600751D93 /* Products */ = {
			isa = PBXGroup;
			children = (
				655618081AC8BC6600751D93 /* Prime Number.app */,
				6556181D1AC8BC6600751D93 /* Prime NumberTests.xctest */,
			);
			name = Products;
			sourceTree = "<group>";
		};
		6556180A1AC8BC6600751D93 /* Prime Number */ = {
			isa = PBXGroup;
			children = (
				6556180D1AC8BC6600751D93 /* AppDelegate.swift */,
				6556180F1AC8BC6600751D93 /* ViewController.swift */,
				655618111AC8BC6600751D93 /* Main.storyboard */,
				655618141AC8BC6600751D93 /* Images.xcassets */,
				655618161AC8BC6600751D93 /* LaunchScreen.xib */,
				6556180B1AC8BC6600751D93 /* Supporting Files */,
			);
			path = "Prime Number";
			sourceTree = "<group>";
		};
		6556180B1AC8BC6600751D93 /* Supporting Files */ = {
			isa = PBXGroup;
			children = (
				6556180C1AC8BC6600751D93 /* Info.plist */,
			);
			name = "Supporting Files";
			sourceTree = "<group>";
		};
		655618201AC8BC6600751D93 /* Prime NumberTests */ = {
			isa = PBXGroup;
			children = (
				655618231AC8BC6600751D93 /* Prime_NumberTests.swift */,
				655618211AC8BC6600751D93 /* Supporting Files */,
			);
			path = "Prime NumberTests";
			sourceTree = "<group>";
		};
		655618211AC8BC6600751D93 /* Supporting Files */ = {
			isa = PBXGroup;
			children = (
				655618221AC8BC6600751D93 /* Info.plist */,
			);
			name = "Supporting Files";
			sourceTree = "<group>";
		};
/* End PBXGroup section */

/* Begin PBXNativeTarget section */
		655618071AC8BC6600751D93 /* Prime Number */ = {
			isa = PBXNativeTarget;
			buildConfigurationList = 655618271AC8BC6600751D93 /* Build configuration list for PBXNativeTarget "Prime Number" */;
			buildPhases = (
				655618041AC8BC6600751D93 /* Sources */,
				655618051AC8BC6600751D93 /* Frameworks */,
				655618061AC8BC6600751D93 /* Resources */,
			);
			buildRules = (
			);
			dependencies = (
			);
			name = "Prime Number";
			productName = "Prime Number";
			productReference = 655618081AC8BC6600751D93 /* Prime Number.app */;
			productType = "com.apple.product-type.application";
		};
		6556181C1AC8BC6600751D93 /* Prime NumberTests */ = {
			isa = PBXNativeTarget;
			buildConfigurationList = 6556182A1AC8BC6600751D93 /* Build configuration list for PBXNativeTarget "Prime NumberTests" */;
			buildPhases = (
				655618191AC8BC6600751D93 /* Sources */,
				6556181A1AC8BC6600751D93 /* Frameworks */,
				6556181B1AC8BC6600751D93 /* Resources */,
			);
			buildRules = (
			);
			dependencies = (
				6556181F1AC8BC6600751D93 /* PBXTargetDependency */,
			);
			name = "Prime NumberTests";
			productName = "Prime NumberTests";
			productReference = 6556181D1AC8BC6600751D93 /* Prime NumberTests.xctest */;
			productType = "com.apple.product-type.bundle.unit-test";
		};
/* End PBXNativeTarget section */

/* Begin PBXProject section */
		655618001AC8BC6600751D93 /* Project object */ = {
			isa = PBXProject;
			attributes = {
				LastUpgradeCheck = 0620;
				ORGANIZATIONNAME = "Henry Tam";
				TargetAttributes = {
					655618071AC8BC6600751D93 = {
						CreatedOnToolsVersion = 6.2;
					};
					6556181C1AC8BC6600751D93 = {
						CreatedOnToolsVersion = 6.2;
						TestTargetID = 655618071AC8BC6600751D93;
					};
				};
			};
			buildConfigurationList = 655618031AC8BC6600751D93 /* Build configuration list for PBXProject "Prime Number" */;
			compatibilityVersion = "Xcode 3.2";
			developmentRegion = English;
			hasScannedForEncodings = 0;
			knownRegions = (
				en,
				Base,
			);
			mainGroup = 655617FF1AC8BC6600751D93;
			productRefGroup = 655618091AC8BC6600751D93 /* Products */;
			projectDirPath = "";
			projectRoot = "";
			targets = (
				655618071AC8BC6600751D93 /* Prime Number */,
				6556181C1AC8BC6600751D93 /* Prime NumberTests */,
			);
		};
/* End PBXProject section */

/* Begin PBXResourcesBuildPhase section */
		655618061AC8BC6600751D93 /* Resources */ = {
			isa = PBXResourcesBuildPhase;
			buildActionMask = 2147483647;
			files = (
				655618131AC8BC6600751D93 /* Main.storyboard in Resources */,
				655618181AC8BC6600751D93 /* LaunchScreen.xib in Resources */,
				655618151AC8BC6600751D93 /* Images.xcassets in Resources */,
			);
			runOnlyForDeploymentPostprocessing = 0;
		};
		6556181B1AC8BC6600751D93 /* Resources */ = {
			isa = PBXResourcesBuildPhase;
			buildActionMask = 2147483647;
			files = (
			);
			runOnlyForDeploymentPostprocessing = 0;
		};
/* End PBXResourcesBuildPhase section */

/* Begin PBXSourcesBuildPhase section */
		655618041AC8BC6600751D93 /* Sources */ = {
			isa = PBXSourcesBuildPhase;
			buildActionMask = 2147483647;
			files = (
				655618101AC8BC6600751D93 /* ViewController.swift in Sources */,
				6556180E1AC8BC6600751D93 /* AppDelegate.swift in Sources */,
			);
			runOnlyForDeploymentPostprocessing = 0;
		};
		655618191AC8BC6600751D93 /* Sources */ = {
			isa = PBXSourcesBuildPhase;
			buildActionMask = 2147483647;
			files = (
				655618241AC8BC6600751D93 /* Prime_NumberTests.swift in Sources */,
			);
			runOnlyForDeploymentPostprocessing = 0;
		};
/* End PBXSourcesBuildPhase section */

/* Begin PBXTargetDependency section */
		6556181F1AC8BC6600751D93 /* PBXTargetDependency */ = {
			isa = PBXTargetDependency;
			target = 655618071AC8BC6600751D93 /* Prime Number */;
			targetProxy = 6556181E1AC8BC6600751D93 /* PBXContainerItemProxy */;
		};
/* End PBXTargetDependency section */

/* Begin PBXVariantGroup section */
		655618111AC8BC6600751D93 /* Main.storyboard */ = {
			isa = PBXVariantGroup;
			children = (
				655618121AC8BC6600751D93 /* Base */,
			);
			name = Main.storyboard;
			sourceTree = "<group>";
		};
		655618161AC8BC6600751D93 /* LaunchScreen.xib */ = {
			isa = PBXVariantGroup;
			children = (
				655618171AC8BC6600751D93 /* Base */,
			);
			name = LaunchScreen.xib;
			sourceTree = "<group>";
		};
/* End PBXVariantGroup section */

/* Begin XCBuildConfiguration section */
		655618251AC8BC6600751D93 /* Debug */ = {
			isa = XCBuildConfiguration;
			buildSettings = {
				ALWAYS_SEARCH_USER_PATHS = NO;
				CLANG_CXX_LANGUAGE_STANDARD = "gnu++0x";
				CLANG_CXX_LIBRARY = "libc++";
				CLANG_ENABLE_MODULES = YES;
				CLANG_ENABLE_OBJC_ARC = YES;
				CLANG_WARN_BOOL_CONVERSION = YES;
				CLANG_WARN_CONSTANT_CONVERSION = YES;
				CLANG_WARN_DIRECT_OBJC_ISA_USAGE = YES_ERROR;
				CLANG_WARN_EMPTY_BODY = YES;
				CLANG_WARN_ENUM_CONVERSION = YES;
				CLANG_WARN_INT_CONVERSION = YES;
				CLANG_WARN_OBJC_ROOT_CLASS = YES_ERROR;
				CLANG_WARN_UNREACHABLE_CODE = YES;
				CLANG_WARN__DUPLICATE_METHOD_MATCH = YES;
				"CODE_SIGN_IDENTITY[sdk=iphoneos*]" = "iPhone Developer";
				COPY_PHASE_STRIP = NO;
				ENABLE_STRICT_OBJC_MSGSEND = YES;
				GCC_C_LANGUAGE_STANDARD = gnu99;
				GCC_DYNAMIC_NO_PIC = NO;
				GCC_OPTIMIZATION_LEVEL = 0;
				GCC_PREPROCESSOR_DEFINITIONS = (
					"DEBUG=1",
					"$(inherited)",
				);
				GCC_SYMBOLS_PRIVATE_EXTERN = NO;
				GCC_WARN_64_TO_32_BIT_CONVERSION = YES;
				GCC_WARN_ABOUT_RETURN_TYPE = YES_ERROR;
				GCC_WARN_UNDECLARED_SELECTOR = YES;
				GCC_WARN_UNINITIALIZED_AUTOS = YES_AGGRESSIVE;
				GCC_WARN_UNUSED_FUNCTION = YES;
				GCC_WARN_UNUSED_VARIABLE = YES;
				IPHONEOS_DEPLOYMENT_TARGET = 8.2;
				MTL_ENABLE_DEBUG_INFO = YES;
				ONLY_ACTIVE_ARCH = YES;
				SDKROOT = iphoneos;
				SWIFT_OPTIMIZATION_LEVEL = "-Onone";
			};
			name = Debug;
		};
		655618261AC8BC6600751D93 /* Release */ = {
			isa = XCBuildConfiguration;
			buildSettings = {
				ALWAYS_SEARCH_USER_PATHS = NO;
				CLANG_CXX_LANGUAGE_STANDARD = "gnu++0x";
				CLANG_CXX_LIBRARY = "libc++";
				CLANG_ENABLE_MODULES = YES;
				CLANG_ENABLE_OBJC_ARC = YES;
				CLANG_WARN_BOOL_CONVERSION = YES;
				CLANG_WARN_CONSTANT_CONVERSION = YES;
				CLANG_WARN_DIRECT_OBJC_ISA_USAGE = YES_ERROR;
				CLANG_WARN_EMPTY_BODY = YES;
				CLANG_WARN_ENUM_CONVERSION = YES;
				CLANG_WARN_INT_CONVERSION = YES;
				CLANG_WARN_OBJC_ROOT_CLASS = YES_ERROR;
				CLANG_WARN_UNREACHABLE_CODE = YES;
				CLANG_WARN__DUPLICATE_METHOD_MATCH = YES;
				"CODE_SIGN_IDENTITY[sdk=iphoneos*]" = "iPhone Developer";
				COPY_PHASE_STRIP = NO;
				ENABLE_NS_ASSERTIONS = NO;
				ENABLE_STRICT_OBJC_MSGSEND = YES;
				GCC_C_LANGUAGE_STANDARD = gnu99;
				GCC_WARN_64_TO_32_BIT_CONVERSION = YES;
				GCC_WARN_ABOUT_RETURN_TYPE = YES_ERROR;
				GCC_WARN_UNDECLARED_SELECTOR = YES;
				GCC_WARN_UNINITIALIZED_AUTOS = YES_AGGRESSIVE;
				GCC_WARN_UNUSED_FUNCTION = YES;
				GCC_WARN_UNUSED_VARIABLE = YES;
				IPHONEOS_DEPLOYMENT_TARGET = 8.2;
				MTL_ENABLE_DEBUG_INFO = NO;
				SDKROOT = iphoneos;
				VALIDATE_PRODUCT = YES;
			};
			name = Release;
		};
		655618281AC8BC6600751D93 /* Debug */ = {
			isa = XCBuildConfiguration;
			buildSettings = {
				ASSETCATALOG_COMPILER_APPICON_NAME = AppIcon;
				INFOPLIST_FILE = "Prime Number/Info.plist";
				LD_RUNPATH_SEARCH_PATHS = "$(inherited) @executable_path/Frameworks";
				PRODUCT_NAME = "$(TARGET_NAME)";
			};
			name = Debug;
		};
		655618291AC8BC6600751D93 /* Release */ = {
			isa = XCBuildConfiguration;
			buildSettings = {
				ASSETCATALOG_COMPILER_APPICON_NAME = AppIcon;
				INFOPLIST_FILE = "Prime Number/Info.plist";
				LD_RUNPATH_SEARCH_PATHS = "$(inherited) @executable_path/Frameworks";
				PRODUCT_NAME = "$(TARGET_NAME)";
			};
			name = Release;
		};
		6556182B1AC8BC6600751D93 /* Debug */ = {
			isa = XCBuildConfiguration;
			buildSettings = {
				BUNDLE_LOADER = "$(TEST_HOST)";
				FRAMEWORK_SEARCH_PATHS = (
					"$(SDKROOT)/Developer/Library/Frameworks",
					"$(inherited)",
				);
				GCC_PREPROCESSOR_DEFINITIONS = (
					"DEBUG=1",
					"$(inherited)",
				);
				INFOPLIST_FILE = "Prime NumberTests/Info.plist";
				LD_RUNPATH_SEARCH_PATHS = "$(inherited) @executable_path/Frameworks @loader_path/Frameworks";
				PRODUCT_NAME = "$(TARGET_NAME)";
				TEST_HOST = "$(BUILT_PRODUCTS_DIR)/Prime Number.app/Prime Number";
			};
			name = Debug;
		};
		6556182C1AC8BC6600751D93 /* Release */ = {
			isa = XCBuildConfiguration;
			buildSettings = {
				BUNDLE_LOADER = "$(TEST_HOST)";
				FRAMEWORK_SEARCH_PATHS = (
					"$(SDKROOT)/Developer/Library/Frameworks",
					"$(inherited)",
				);
				INFOPLIST_FILE = "Prime NumberTests/Info.plist";
				LD_RUNPATH_SEARCH_PATHS = "$(inherited) @executable_path/Frameworks @loader_path/Frameworks";
				PRODUCT_NAME = "$(TARGET_NAME)";
				TEST_HOST = "$(BUILT_PRODUCTS_DIR)/Prime Number.app/Prime Number";
			};
			name = Release;
		};
/* End XCBuildConfiguration section */

/* Begin XCConfigurationList section */
		655618031AC8BC6600751D93 /* Build configuration list for PBXProject "Prime Number" */ = {
			isa = XCConfigurationList;
			buildConfigurations = (
				655618251AC8BC6600751D93 /* Debug */,
				655618261AC8BC6600751D93 /* Release */,
			);
			defaultConfigurationIsVisible = 0;
			defaultConfigurationName = Release;
		};
		655618271AC8BC6600751D93 /* Build configuration list for PBXNativeTarget "Prime Number" */ = {
			isa = XCConfigurationList;
			buildConfigurations = (
				655618281AC8BC6600751D93 /* Debug */,
				655618291AC8BC6600751D93 /* Release */,
			);
			defaultConfigurationIsVisible = 0;
		};
		6556182A1AC8BC6600751D93 /* Build configuration list for PBXNativeTarget "Prime NumberTests" */ = {
			isa = XCConfigurationList;
			buildConfigurations = (
				6556182B1AC8BC6600751D93 /* Debug */,
				6556182C1AC8BC6600751D93 /* Release */,
			);
			defaultConfigurationIsVisible = 0;
		};
/* End XCConfigurationList section */
	};
	rootObject = 655618001AC8BC6600751D93 /* Project object */;
}
